
Microsoft Visual Studio Solution File, Format Version 10.00
# Visual C++ Express 2008
Project("{8BC9CEB8-8B4A-11D0-8D11-00A0C91BC942}") = "msvc_build", "msvc_build.vcproj", "{FEC30A07-68D0-49A3-B7DE-431E5E3B9B6D}"
EndProject
Global
	GlobalSection(SolutionConfigurationPlatforms) = preSolution
		Debug|Win32 = Debug|Win32
		Release|Win32 = Release|Win32
	EndGlobalSection
	GlobalSection(ProjectConfigurationPlatforms) = postSolution
		{FEC30A07-68D0-49A3-B7DE-431E5E3B9B6D}.Debug|Win32.ActiveCfg = Debug|Win32
		{FEC30A07-68D0-49A3-B7DE-431E5E3B9B6D}.Debug|Win32.Build.0 = Debug|Win32
		{FEC30A07-68D0-49A3-B7DE-431E5E3B9B6D}.Release|Win32.ActiveCfg = Release|Win32
		{FEC30A07-68D0-49A3-B7DE-431E5E3B9B6D}.Release|Win32.Build.0 = Release|Win32
	EndGlobalSection
	GlobalSection(SolutionProperties) = preSolution
		HideSolutionNode = FALSE
	EndGlobalSection
EndGlobal
